{
    "_meta": {
        "hash": {
            "sha256": "f81e43f390471d812cc7c1cb8f150f8ab753e34d9004e40d116c6e65cf3ca8c4"
        },
        "pipfile-spec": 6,
        "requires": {
            "python_version": "3.8"
        },
        "sources": [
            {
                "name": "pypi",
                "url": "https://pypi.org/simple",
                "verify_ssl": true
            }
        ]
    },
    "default": {},
    "develop": {
        "filter-profanity": {
            "path": ".",
            "version": "==1.0.0"
        }
    }
}
