{
    "_meta": {
        "hash": {
            "sha256": "14bf6a6b7755bf7a2c09459532849616f08b49bf4fc1eaf3ef4f2c4c16287e67"
        },
        "pipfile-spec": 6,
        "requires": {
            "python_version": "3.8"
        },
        "sources": [
            {
                "name": "pypi",
                "url": "https://pypi.org/simple",
                "verify_ssl": true
            }
        ]
    },
    "default": {
        "filter-profanity": {
            "path": "."
        }
    },
    "develop": {
        "filter-profanity": {
            "path": "."
        }
    }
}
